// !$*UTF8*$!
{
	archiveVersion = 1;
	classes = {
	};
	objectVersion = 51;
	objects = {

/* Begin PBXBuildFile section */
		4311577199849842712C0D3A /* Pods_RightsApp.framework in Frameworks */ = {isa = PBXBuildFile; fileRef = 0C5FECAFE99D1736CEB470EC /* Pods_RightsApp.framework */; };
		D28D68F7EB66AB83B53F1D31 /* Pods_RightsApp_RightsAppUITests.framework in Frameworks */ = {isa = PBXBuildFile; fileRef = 2DDA21C0E8FAD2DE7D0964BD /* Pods_RightsApp_RightsAppUITests.framework */; };
		D7C85FAE4831693539612F09 /* Pods_RightsAppTests.framework in Frameworks */ = {isa = PBXBuildFile; fileRef = 7BC6D5F8411381B0F3F4C2F2 /* Pods_RightsAppTests.framework */; };
		EB09F12E22C4B0C20015F48C /* CountryModel.swift in Sources */ = {isa = PBXBuildFile; fileRef = EB09F12D22C4B0C20015F48C /* CountryModel.swift */; };
		EB09F13022C4D70D0015F48C /* EntityDetailsViewController.swift in Sources */ = {isa = PBXBuildFile; fileRef = EB09F12F22C4D70D0015F48C /* EntityDetailsViewController.swift */; };
		EB10DC7722BA505000CD89DB /* ParticleModel.swift in Sources */ = {isa = PBXBuildFile; fileRef = EB10DC7622BA505000CD89DB /* ParticleModel.swift */; };
		EB205C7022A7D62D006B5BDC /* SearchEntity.storyboard in Resources */ = {isa = PBXBuildFile; fileRef = EB205C7222A7D62D006B5BDC /* SearchEntity.storyboard */; };
		EB205C7922A7D642006B5BDC /* Questionnaire.storyboard in Resources */ = {isa = PBXBuildFile; fileRef = EB205C7B22A7D642006B5BDC /* Questionnaire.storyboard */; };
		EB205C8222A7D651006B5BDC /* EmergencyCall.storyboard in Resources */ = {isa = PBXBuildFile; fileRef = EB205C8422A7D651006B5BDC /* EmergencyCall.storyboard */; };
		EB26D20B22BBC2A700C2C46C /* ParticleDetailsViewController.swift in Sources */ = {isa = PBXBuildFile; fileRef = EB26D20A22BBC2A700C2C46C /* ParticleDetailsViewController.swift */; };
		EB2EAA3722AE527100629C07 /* LanguageViewController.swift in Sources */ = {isa = PBXBuildFile; fileRef = EB2EAA3622AE527100629C07 /* LanguageViewController.swift */; };
		EB31262E22C371A8002B8DFB /* SearchEntityViewController.swift in Sources */ = {isa = PBXBuildFile; fileRef = EB31262D22C371A8002B8DFB /* SearchEntityViewController.swift */; };
		EB342F632492A3AE00DA779E /* SearchEntityPickerViewController.swift in Sources */ = {isa = PBXBuildFile; fileRef = EB342F622492A3AE00DA779E /* SearchEntityPickerViewController.swift */; };
		EB35C30B22B238DC004599D9 /* Constants.swift in Sources */ = {isa = PBXBuildFile; fileRef = EB35C30A22B238DC004599D9 /* Constants.swift */; };
		EB36E5E922CE37D4008B7ACD /* EntitiesListViewController.swift in Sources */ = {isa = PBXBuildFile; fileRef = EB36E5E822CE37D4008B7ACD /* EntitiesListViewController.swift */; };
		EB4D1ABC22A6B3D000054C3B /* RightsAppViewController.swift in Sources */ = {isa = PBXBuildFile; fileRef = EB4D1ABB22A6B3D000054C3B /* RightsAppViewController.swift */; };
		EB5986BF22BCB1C700F22D85 /* LocalizationSystem.swift in Sources */ = {isa = PBXBuildFile; fileRef = EB5986BE22BCB1C700F22D85 /* LocalizationSystem.swift */; };
		EB59E27E22CCCC9C00396BCC /* Init.storyboard in Resources */ = {isa = PBXBuildFile; fileRef = EB59E27D22CCCC9C00396BCC /* Init.storyboard */; };
		EB5CE66122B1907E00570231 /* CityModel.swift in Sources */ = {isa = PBXBuildFile; fileRef = EB5CE66022B1907E00570231 /* CityModel.swift */; };
		EB5CE66322B1961900570231 /* AnswerModel.swift in Sources */ = {isa = PBXBuildFile; fileRef = EB5CE66222B1961900570231 /* AnswerModel.swift */; };
		EB75877322DCC6E400AE32A4 /* Settings.bundle in Resources */ = {isa = PBXBuildFile; fileRef = EB75877222DCC6E400AE32A4 /* Settings.bundle */; };
		EB75877522DCDB1500AE32A4 /* SettingsBundleHelper.swift in Sources */ = {isa = PBXBuildFile; fileRef = EB75877422DCDB1500AE32A4 /* SettingsBundleHelper.swift */; };
		EB7C3F8523478B31002D8610 /* GoogleService-Info.plist in Resources */ = {isa = PBXBuildFile; fileRef = EB7C3F8423478B31002D8610 /* GoogleService-Info.plist */; };
		EB8A66F8229ED4DE003855BD /* Localizable.strings in Resources */ = {isa = PBXBuildFile; fileRef = EB8A66FA229ED4DE003855BD /* Localizable.strings */; };
		EB8F10E22450A50F0089D5D2 /* ParticlesClusterTableViewController.swift in Sources */ = {isa = PBXBuildFile; fileRef = EB8F10E12450A50F0089D5D2 /* ParticlesClusterTableViewController.swift */; };
		EB8F10E42450AAE60089D5D2 /* ClusterModel.swift in Sources */ = {isa = PBXBuildFile; fileRef = EB8F10E32450AAE60089D5D2 /* ClusterModel.swift */; };
		EB993A49229D3B7A0082DE76 /* AppDelegate.swift in Sources */ = {isa = PBXBuildFile; fileRef = EB993A48229D3B7A0082DE76 /* AppDelegate.swift */; };
		EB993A4B229D3B7A0082DE76 /* ViewController.swift in Sources */ = {isa = PBXBuildFile; fileRef = EB993A4A229D3B7A0082DE76 /* ViewController.swift */; };
		EB993A4E229D3B7A0082DE76 /* Main.storyboard in Resources */ = {isa = PBXBuildFile; fileRef = EB993A4C229D3B7A0082DE76 /* Main.storyboard */; };
		EB993A50229D3B7A0082DE76 /* Assets.xcassets in Resources */ = {isa = PBXBuildFile; fileRef = EB993A4F229D3B7A0082DE76 /* Assets.xcassets */; };
		EB993A53229D3B7A0082DE76 /* LaunchScreen.storyboard in Resources */ = {isa = PBXBuildFile; fileRef = EB993A51229D3B7A0082DE76 /* LaunchScreen.storyboard */; };
		EB993A5E229D3B7B0082DE76 /* RightsApp_iosTests.swift in Sources */ = {isa = PBXBuildFile; fileRef = EB993A5D229D3B7B0082DE76 /* RightsApp_iosTests.swift */; };
		EB993A69229D3B7B0082DE76 /* RightsApp_iosUITests.swift in Sources */ = {isa = PBXBuildFile; fileRef = EB993A68229D3B7B0082DE76 /* RightsApp_iosUITests.swift */; };
		EB99E0C522C22EAC005643BF /* AboutUsViewController.swift in Sources */ = {isa = PBXBuildFile; fileRef = EB99E0C422C22EAC005643BF /* AboutUsViewController.swift */; };
		EB9C6F7B22BBD7A600D09334 /* EmergencyCallViewController.swift in Sources */ = {isa = PBXBuildFile; fileRef = EB9C6F7A22BBD7A600D09334 /* EmergencyCallViewController.swift */; };
		EB9D8C6D247BE0D300225E37 /* WhatsNextTableViewController.swift in Sources */ = {isa = PBXBuildFile; fileRef = EB9D8C6C247BE0D300225E37 /* WhatsNextTableViewController.swift */; };
		EB9D8C6F247BE9FE00225E37 /* WhatsNextModel.swift in Sources */ = {isa = PBXBuildFile; fileRef = EB9D8C6E247BE9FE00225E37 /* WhatsNextModel.swift */; };
		EBA4D54222AFDAFA00B1B566 /* rightsapp_v5_utf16.db in Resources */ = {isa = PBXBuildFile; fileRef = EBA4D54122AFDAFA00B1B566 /* rightsapp_v5_utf16.db */; };
		EBA4D54522AFDCD000B1B566 /* QuestionnaireViewController.swift in Sources */ = {isa = PBXBuildFile; fileRef = EBA4D54422AFDCD000B1B566 /* QuestionnaireViewController.swift */; };
		EBA4D55322AFEAB500B1B566 /* FMResultSet.m in Sources */ = {isa = PBXBuildFile; fileRef = EBA4D54822AFEAB400B1B566 /* FMResultSet.m */; };
		EBA4D55422AFEAB500B1B566 /* FMDatabaseAdditions.m in Sources */ = {isa = PBXBuildFile; fileRef = EBA4D54A22AFEAB500B1B566 /* FMDatabaseAdditions.m */; };
		EBA4D55522AFEAB500B1B566 /* FMDatabaseQueue.m in Sources */ = {isa = PBXBuildFile; fileRef = EBA4D54D22AFEAB500B1B566 /* FMDatabaseQueue.m */; };
		EBA4D55622AFEAB500B1B566 /* FMDatabase.m in Sources */ = {isa = PBXBuildFile; fileRef = EBA4D54E22AFEAB500B1B566 /* FMDatabase.m */; };
		EBA4D55722AFEAB500B1B566 /* FMDatabasePool.m in Sources */ = {isa = PBXBuildFile; fileRef = EBA4D55022AFEAB500B1B566 /* FMDatabasePool.m */; };
		EBACD44E247839360063085E /* rightsapp_v7_utf16.db in Resources */ = {isa = PBXBuildFile; fileRef = EBACD44D247839360063085E /* rightsapp_v7_utf16.db */; };
		EBB51BC92490C3FC0098871A /* rightsapp_v8_utf16.db in Resources */ = {isa = PBXBuildFile; fileRef = EBB51BC82490C3FC0098871A /* rightsapp_v8_utf16.db */; };
		EBB61D2122B1442200F749D7 /* DatabaseHelper.swift in Sources */ = {isa = PBXBuildFile; fileRef = EBB61D2022B1442200F749D7 /* DatabaseHelper.swift */; };
		EBBB089A22C4FF9C00918F15 /* EntityModel.swift in Sources */ = {isa = PBXBuildFile; fileRef = EBBB089922C4FF9C00918F15 /* EntityModel.swift */; };
		EBC35A2322CCEDD0003EFA20 /* HowToViewController.swift in Sources */ = {isa = PBXBuildFile; fileRef = EBC35A2222CCEDCF003EFA20 /* HowToViewController.swift */; };
		EBC5FF3D2431FC4900B70773 /* rightsapp_v6_utf16.db in Resources */ = {isa = PBXBuildFile; fileRef = EBC5FF3C2431FC4900B70773 /* rightsapp_v6_utf16.db */; };
		EBC6BD28248FE6DE00063442 /* Roboto-Black.ttf in Resources */ = {isa = PBXBuildFile; fileRef = EBC6BD27248FE6DE00063442 /* Roboto-Black.ttf */; };
		EBC80F5722CCD2D900870B27 /* InitViewController.swift in Sources */ = {isa = PBXBuildFile; fileRef = EBC80F5622CCD2D900870B27 /* InitViewController.swift */; };
		EBC80F5922CCD4D300870B27 /* TermsViewController.swift in Sources */ = {isa = PBXBuildFile; fileRef = EBC80F5822CCD4D300870B27 /* TermsViewController.swift */; };
		EBD9C87A248FE88E002B02D9 /* Roboto-Medium.ttf in Resources */ = {isa = PBXBuildFile; fileRef = EBD9C879248FE88E002B02D9 /* Roboto-Medium.ttf */; };
		EBD9C87C248FE8A4002B02D9 /* Roboto-Regular.ttf in Resources */ = {isa = PBXBuildFile; fileRef = EBD9C87B248FE8A4002B02D9 /* Roboto-Regular.ttf */; };
		EBE8797422A805300040EB58 /* HowToUseTheAppTextViewController.swift in Sources */ = {isa = PBXBuildFile; fileRef = EBE8797322A805300040EB58 /* HowToUseTheAppTextViewController.swift */; };
		EBE8797622A806410040EB58 /* TermsConditionsTextViewController.swift in Sources */ = {isa = PBXBuildFile; fileRef = EBE8797522A806410040EB58 /* TermsConditionsTextViewController.swift */; };
		EBF55CFE22BA78BC00CAE991 /* ParticlesTableViewController.swift in Sources */ = {isa = PBXBuildFile; fileRef = EBF55CFD22BA78BC00CAE991 /* ParticlesTableViewController.swift */; };
		EBFB22DB22C4157C0065E91F /* CategoryModel.swift in Sources */ = {isa = PBXBuildFile; fileRef = EBFB22DA22C4157C0065E91F /* CategoryModel.swift */; };
		EBFEFCFD247D1B5700AC7C4E /* MakeCallViewController.swift in Sources */ = {isa = PBXBuildFile; fileRef = EBFEFCFC247D1B5700AC7C4E /* MakeCallViewController.swift */; };
/* End PBXBuildFile section */

/* Begin PBXContainerItemProxy section */
		EB993A5A229D3B7B0082DE76 /* PBXContainerItemProxy */ = {
			isa = PBXContainerItemProxy;
			containerPortal = EB993A3D229D3B7A0082DE76 /* Project object */;
			proxyType = 1;
			remoteGlobalIDString = EB993A44229D3B7A0082DE76;
			remoteInfo = RightsApp_ios;
		};
		EB993A65229D3B7B0082DE76 /* PBXContainerItemProxy */ = {
			isa = PBXContainerItemProxy;
			containerPortal = EB993A3D229D3B7A0082DE76 /* Project object */;
			proxyType = 1;
			remoteGlobalIDString = EB993A44229D3B7A0082DE76;
			remoteInfo = RightsApp_ios;
		};
/* End PBXContainerItemProxy section */

/* Begin PBXFileReference section */
		0A1A9CABAAE2247A8DC7EC4E /* Pods-RightsAppTests.debug.xcconfig */ = {isa = PBXFileReference; includeInIndex = 1; lastKnownFileType = text.xcconfig; name = "Pods-RightsAppTests.debug.xcconfig"; path = "Target Support Files/Pods-RightsAppTests/Pods-RightsAppTests.debug.xcconfig"; sourceTree = "<group>"; };
		0C5FECAFE99D1736CEB470EC /* Pods_RightsApp.framework */ = {isa = PBXFileReference; explicitFileType = wrapper.framework; includeInIndex = 0; path = Pods_RightsApp.framework; sourceTree = BUILT_PRODUCTS_DIR; };
		2DDA21C0E8FAD2DE7D0964BD /* Pods_RightsApp_RightsAppUITests.framework */ = {isa = PBXFileReference; explicitFileType = wrapper.framework; includeInIndex = 0; path = Pods_RightsApp_RightsAppUITests.framework; sourceTree = BUILT_PRODUCTS_DIR; };
		34F0CDB66BCDC409BB6D3EA1 /* Pods-RightsApp-RightsAppUITests.release.xcconfig */ = {isa = PBXFileReference; includeInIndex = 1; lastKnownFileType = text.xcconfig; name = "Pods-RightsApp-RightsAppUITests.release.xcconfig"; path = "Target Support Files/Pods-RightsApp-RightsAppUITests/Pods-RightsApp-RightsAppUITests.release.xcconfig"; sourceTree = "<group>"; };
		7BC6D5F8411381B0F3F4C2F2 /* Pods_RightsAppTests.framework */ = {isa = PBXFileReference; explicitFileType = wrapper.framework; includeInIndex = 0; path = Pods_RightsAppTests.framework; sourceTree = BUILT_PRODUCTS_DIR; };
		C447221A57FEC7AD7412DA5C /* Pods-RightsApp.debug.xcconfig */ = {isa = PBXFileReference; includeInIndex = 1; lastKnownFileType = text.xcconfig; name = "Pods-RightsApp.debug.xcconfig"; path = "Target Support Files/Pods-RightsApp/Pods-RightsApp.debug.xcconfig"; sourceTree = "<group>"; };
		CCF117918E7DF5BBD3C3716B /* Pods-RightsApp-RightsAppUITests.debug.xcconfig */ = {isa = PBXFileReference; includeInIndex = 1; lastKnownFileType = text.xcconfig; name = "Pods-RightsApp-RightsAppUITests.debug.xcconfig"; path = "Target Support Files/Pods-RightsApp-RightsAppUITests/Pods-RightsApp-RightsAppUITests.debug.xcconfig"; sourceTree = "<group>"; };
		E25EC867B9D5FA74DADCA964 /* Pods-RightsApp.release.xcconfig */ = {isa = PBXFileReference; includeInIndex = 1; lastKnownFileType = text.xcconfig; name = "Pods-RightsApp.release.xcconfig"; path = "Target Support Files/Pods-RightsApp/Pods-RightsApp.release.xcconfig"; sourceTree = "<group>"; };
		EB09F12D22C4B0C20015F48C /* CountryModel.swift */ = {isa = PBXFileReference; lastKnownFileType = sourcecode.swift; path = CountryModel.swift; sourceTree = "<group>"; };
		EB09F12F22C4D70D0015F48C /* EntityDetailsViewController.swift */ = {isa = PBXFileReference; lastKnownFileType = sourcecode.swift; path = EntityDetailsViewController.swift; sourceTree = "<group>"; };
		EB10DC7622BA505000CD89DB /* ParticleModel.swift */ = {isa = PBXFileReference; lastKnownFileType = sourcecode.swift; path = ParticleModel.swift; sourceTree = "<group>"; };
		EB205C7122A7D62D006B5BDC /* Base */ = {isa = PBXFileReference; lastKnownFileType = file.storyboard; name = Base; path = Base.lproj/SearchEntity.storyboard; sourceTree = "<group>"; };
		EB205C7422A7D634006B5BDC /* es */ = {isa = PBXFileReference; lastKnownFileType = text.plist.strings; name = es; path = es.lproj/SearchEntity.strings; sourceTree = "<group>"; };
		EB205C7622A7D634006B5BDC /* it */ = {isa = PBXFileReference; lastKnownFileType = text.plist.strings; name = it; path = it.lproj/SearchEntity.strings; sourceTree = "<group>"; };
		EB205C7822A7D635006B5BDC /* pt-PT */ = {isa = PBXFileReference; lastKnownFileType = text.plist.strings; name = "pt-PT"; path = "pt-PT.lproj/SearchEntity.strings"; sourceTree = "<group>"; };
		EB205C7A22A7D642006B5BDC /* Base */ = {isa = PBXFileReference; lastKnownFileType = file.storyboard; name = Base; path = Base.lproj/Questionnaire.storyboard; sourceTree = "<group>"; };
		EB205C7D22A7D649006B5BDC /* es */ = {isa = PBXFileReference; lastKnownFileType = text.plist.strings; name = es; path = es.lproj/Questionnaire.strings; sourceTree = "<group>"; };
		EB205C7F22A7D64A006B5BDC /* it */ = {isa = PBXFileReference; lastKnownFileType = text.plist.strings; name = it; path = it.lproj/Questionnaire.strings; sourceTree = "<group>"; };
		EB205C8122A7D64B006B5BDC /* pt-PT */ = {isa = PBXFileReference; lastKnownFileType = text.plist.strings; name = "pt-PT"; path = "pt-PT.lproj/Questionnaire.strings"; sourceTree = "<group>"; };
		EB205C8322A7D651006B5BDC /* Base */ = {isa = PBXFileReference; lastKnownFileType = file.storyboard; name = Base; path = Base.lproj/EmergencyCall.storyboard; sourceTree = "<group>"; };
		EB205C8622A7D657006B5BDC /* es */ = {isa = PBXFileReference; lastKnownFileType = text.plist.strings; name = es; path = es.lproj/EmergencyCall.strings; sourceTree = "<group>"; };
		EB205C8822A7D658006B5BDC /* it */ = {isa = PBXFileReference; lastKnownFileType = text.plist.strings; name = it; path = it.lproj/EmergencyCall.strings; sourceTree = "<group>"; };
		EB205C8A22A7D659006B5BDC /* pt-PT */ = {isa = PBXFileReference; lastKnownFileType = text.plist.strings; name = "pt-PT"; path = "pt-PT.lproj/EmergencyCall.strings"; sourceTree = "<group>"; };
		EB26D20A22BBC2A700C2C46C /* ParticleDetailsViewController.swift */ = {isa = PBXFileReference; lastKnownFileType = sourcecode.swift; path = ParticleDetailsViewController.swift; sourceTree = "<group>"; };
		EB2EAA3622AE527100629C07 /* LanguageViewController.swift */ = {isa = PBXFileReference; lastKnownFileType = sourcecode.swift; path = LanguageViewController.swift; sourceTree = "<group>"; };
		EB31262D22C371A8002B8DFB /* SearchEntityViewController.swift */ = {isa = PBXFileReference; lastKnownFileType = sourcecode.swift; path = SearchEntityViewController.swift; sourceTree = "<group>"; };
		EB342F622492A3AE00DA779E /* SearchEntityPickerViewController.swift */ = {isa = PBXFileReference; lastKnownFileType = sourcecode.swift; path = SearchEntityPickerViewController.swift; sourceTree = "<group>"; };
		EB35C30A22B238DC004599D9 /* Constants.swift */ = {isa = PBXFileReference; lastKnownFileType = sourcecode.swift; path = Constants.swift; sourceTree = "<group>"; };
		EB36E5E822CE37D4008B7ACD /* EntitiesListViewController.swift */ = {isa = PBXFileReference; lastKnownFileType = sourcecode.swift; path = EntitiesListViewController.swift; sourceTree = "<group>"; };
		EB4D1ABB22A6B3D000054C3B /* RightsAppViewController.swift */ = {isa = PBXFileReference; lastKnownFileType = sourcecode.swift; path = RightsAppViewController.swift; sourceTree = "<group>"; };
		EB5986BE22BCB1C700F22D85 /* LocalizationSystem.swift */ = {isa = PBXFileReference; lastKnownFileType = sourcecode.swift; path = LocalizationSystem.swift; sourceTree = "<group>"; };
		EB59E27D22CCCC9C00396BCC /* Init.storyboard */ = {isa = PBXFileReference; lastKnownFileType = file.storyboard; path = Init.storyboard; sourceTree = "<group>"; };
		EB5CE66022B1907E00570231 /* CityModel.swift */ = {isa = PBXFileReference; lastKnownFileType = sourcecode.swift; path = CityModel.swift; sourceTree = "<group>"; };
		EB5CE66222B1961900570231 /* AnswerModel.swift */ = {isa = PBXFileReference; lastKnownFileType = sourcecode.swift; path = AnswerModel.swift; sourceTree = "<group>"; };
		EB75877222DCC6E400AE32A4 /* Settings.bundle */ = {isa = PBXFileReference; lastKnownFileType = "wrapper.plug-in"; path = Settings.bundle; sourceTree = "<group>"; };
		EB75877422DCDB1500AE32A4 /* SettingsBundleHelper.swift */ = {isa = PBXFileReference; lastKnownFileType = sourcecode.swift; path = SettingsBundleHelper.swift; sourceTree = "<group>"; };
		EB7C3F8423478B31002D8610 /* GoogleService-Info.plist */ = {isa = PBXFileReference; fileEncoding = 4; lastKnownFileType = text.plist.xml; path = "GoogleService-Info.plist"; sourceTree = "<group>"; };
		EB8A66F0229EC8BA003855BD /* es */ = {isa = PBXFileReference; lastKnownFileType = text.plist.strings; name = es; path = es.lproj/Main.strings; sourceTree = "<group>"; };
		EB8A66F1229EC8BA003855BD /* es */ = {isa = PBXFileReference; lastKnownFileType = text.plist.strings; name = es; path = es.lproj/LaunchScreen.strings; sourceTree = "<group>"; };
		EB8A66F2229EC8C3003855BD /* it */ = {isa = PBXFileReference; lastKnownFileType = text.plist.strings; name = it; path = it.lproj/Main.strings; sourceTree = "<group>"; };
		EB8A66F3229EC8C3003855BD /* it */ = {isa = PBXFileReference; lastKnownFileType = text.plist.strings; name = it; path = it.lproj/LaunchScreen.strings; sourceTree = "<group>"; };
		EB8A66F4229EC8CE003855BD /* pt-PT */ = {isa = PBXFileReference; lastKnownFileType = text.plist.strings; name = "pt-PT"; path = "pt-PT.lproj/Main.strings"; sourceTree = "<group>"; };
		EB8A66F5229EC8CE003855BD /* pt-PT */ = {isa = PBXFileReference; lastKnownFileType = text.plist.strings; name = "pt-PT"; path = "pt-PT.lproj/LaunchScreen.strings"; sourceTree = "<group>"; };
		EB8A66F9229ED4DE003855BD /* en */ = {isa = PBXFileReference; lastKnownFileType = text.plist.strings; name = en; path = en.lproj/Localizable.strings; sourceTree = "<group>"; };
		EB8A66FB229ED4E5003855BD /* es */ = {isa = PBXFileReference; lastKnownFileType = text.plist.strings; name = es; path = es.lproj/Localizable.strings; sourceTree = "<group>"; };
		EB8A66FC229ED4E6003855BD /* it */ = {isa = PBXFileReference; lastKnownFileType = text.plist.strings; name = it; path = it.lproj/Localizable.strings; sourceTree = "<group>"; };
		EB8A66FD229ED4E7003855BD /* pt-PT */ = {isa = PBXFileReference; lastKnownFileType = text.plist.strings; name = "pt-PT"; path = "pt-PT.lproj/Localizable.strings"; sourceTree = "<group>"; };
		EB8F10E12450A50F0089D5D2 /* ParticlesClusterTableViewController.swift */ = {isa = PBXFileReference; lastKnownFileType = sourcecode.swift; path = ParticlesClusterTableViewController.swift; sourceTree = "<group>"; };
		EB8F10E32450AAE60089D5D2 /* ClusterModel.swift */ = {isa = PBXFileReference; lastKnownFileType = sourcecode.swift; path = ClusterModel.swift; sourceTree = "<group>"; };
		EB993A45229D3B7A0082DE76 /* RightsApp.app */ = {isa = PBXFileReference; explicitFileType = wrapper.application; includeInIndex = 0; path = RightsApp.app; sourceTree = BUILT_PRODUCTS_DIR; };
		EB993A48229D3B7A0082DE76 /* AppDelegate.swift */ = {isa = PBXFileReference; lastKnownFileType = sourcecode.swift; path = AppDelegate.swift; sourceTree = "<group>"; };
		EB993A4A229D3B7A0082DE76 /* ViewController.swift */ = {isa = PBXFileReference; lastKnownFileType = sourcecode.swift; path = ViewController.swift; sourceTree = "<group>"; };
		EB993A4D229D3B7A0082DE76 /* Base */ = {isa = PBXFileReference; lastKnownFileType = file.storyboard; name = Base; path = Base.lproj/Main.storyboard; sourceTree = "<group>"; };
		EB993A4F229D3B7A0082DE76 /* Assets.xcassets */ = {isa = PBXFileReference; lastKnownFileType = folder.assetcatalog; path = Assets.xcassets; sourceTree = "<group>"; };
		EB993A52229D3B7A0082DE76 /* Base */ = {isa = PBXFileReference; lastKnownFileType = file.storyboard; name = Base; path = Base.lproj/LaunchScreen.storyboard; sourceTree = "<group>"; };
		EB993A54229D3B7A0082DE76 /* Info.plist */ = {isa = PBXFileReference; lastKnownFileType = text.plist.xml; path = Info.plist; sourceTree = "<group>"; };
		EB993A59229D3B7B0082DE76 /* RightsAppTests.xctest */ = {isa = PBXFileReference; explicitFileType = wrapper.cfbundle; includeInIndex = 0; path = RightsAppTests.xctest; sourceTree = BUILT_PRODUCTS_DIR; };
		EB993A5D229D3B7B0082DE76 /* RightsApp_iosTests.swift */ = {isa = PBXFileReference; lastKnownFileType = sourcecode.swift; path = RightsApp_iosTests.swift; sourceTree = "<group>"; };
		EB993A5F229D3B7B0082DE76 /* Info.plist */ = {isa = PBXFileReference; lastKnownFileType = text.plist.xml; path = Info.plist; sourceTree = "<group>"; };
		EB993A64229D3B7B0082DE76 /* RightsAppUITests.xctest */ = {isa = PBXFileReference; explicitFileType = wrapper.cfbundle; includeInIndex = 0; path = RightsAppUITests.xctest; sourceTree = BUILT_PRODUCTS_DIR; };
		EB993A68229D3B7B0082DE76 /* RightsApp_iosUITests.swift */ = {isa = PBXFileReference; lastKnownFileType = sourcecode.swift; path = RightsApp_iosUITests.swift; sourceTree = "<group>"; };
		EB993A6A229D3B7B0082DE76 /* Info.plist */ = {isa = PBXFileReference; lastKnownFileType = text.plist.xml; path = Info.plist; sourceTree = "<group>"; };
		EB99E0C422C22EAC005643BF /* AboutUsViewController.swift */ = {isa = PBXFileReference; lastKnownFileType = sourcecode.swift; path = AboutUsViewController.swift; sourceTree = "<group>"; };
		EB9C6F7A22BBD7A600D09334 /* EmergencyCallViewController.swift */ = {isa = PBXFileReference; lastKnownFileType = sourcecode.swift; path = EmergencyCallViewController.swift; sourceTree = "<group>"; };
		EB9D8C6C247BE0D300225E37 /* WhatsNextTableViewController.swift */ = {isa = PBXFileReference; lastKnownFileType = sourcecode.swift; path = WhatsNextTableViewController.swift; sourceTree = "<group>"; };
		EB9D8C6E247BE9FE00225E37 /* WhatsNextModel.swift */ = {isa = PBXFileReference; lastKnownFileType = sourcecode.swift; path = WhatsNextModel.swift; sourceTree = "<group>"; };
		EBA4D54122AFDAFA00B1B566 /* rightsapp_v5_utf16.db */ = {isa = PBXFileReference; lastKnownFileType = file; path = rightsapp_v5_utf16.db; sourceTree = "<group>"; };
		EBA4D54422AFDCD000B1B566 /* QuestionnaireViewController.swift */ = {isa = PBXFileReference; lastKnownFileType = sourcecode.swift; path = QuestionnaireViewController.swift; sourceTree = "<group>"; };
		EBA4D54722AFEAB400B1B566 /* RightsApp_ios-Bridging-Header.h */ = {isa = PBXFileReference; lastKnownFileType = sourcecode.c.h; path = "RightsApp_ios-Bridging-Header.h"; sourceTree = "<group>"; };
		EBA4D54822AFEAB400B1B566 /* FMResultSet.m */ = {isa = PBXFileReference; fileEncoding = 4; lastKnownFileType = sourcecode.c.objc; path = FMResultSet.m; sourceTree = "<group>"; };
		EBA4D54922AFEAB500B1B566 /* FMDatabase.h */ = {isa = PBXFileReference; fileEncoding = 4; lastKnownFileType = sourcecode.c.h; path = FMDatabase.h; sourceTree = "<group>"; };
		EBA4D54A22AFEAB500B1B566 /* FMDatabaseAdditions.m */ = {isa = PBXFileReference; fileEncoding = 4; lastKnownFileType = sourcecode.c.objc; path = FMDatabaseAdditions.m; sourceTree = "<group>"; };
		EBA4D54B22AFEAB500B1B566 /* FMDB.h */ = {isa = PBXFileReference; fileEncoding = 4; lastKnownFileType = sourcecode.c.h; path = FMDB.h; sourceTree = "<group>"; };
		EBA4D54C22AFEAB500B1B566 /* FMResultSet.h */ = {isa = PBXFileReference; fileEncoding = 4; lastKnownFileType = sourcecode.c.h; path = FMResultSet.h; sourceTree = "<group>"; };
		EBA4D54D22AFEAB500B1B566 /* FMDatabaseQueue.m */ = {isa = PBXFileReference; fileEncoding = 4; lastKnownFileType = sourcecode.c.objc; path = FMDatabaseQueue.m; sourceTree = "<group>"; };
		EBA4D54E22AFEAB500B1B566 /* FMDatabase.m */ = {isa = PBXFileReference; fileEncoding = 4; lastKnownFileType = sourcecode.c.objc; path = FMDatabase.m; sourceTree = "<group>"; };
		EBA4D54F22AFEAB500B1B566 /* FMDatabaseAdditions.h */ = {isa = PBXFileReference; fileEncoding = 4; lastKnownFileType = sourcecode.c.h; path = FMDatabaseAdditions.h; sourceTree = "<group>"; };
		EBA4D55022AFEAB500B1B566 /* FMDatabasePool.m */ = {isa = PBXFileReference; fileEncoding = 4; lastKnownFileType = sourcecode.c.objc; path = FMDatabasePool.m; sourceTree = "<group>"; };
		EBA4D55122AFEAB500B1B566 /* FMDatabasePool.h */ = {isa = PBXFileReference; fileEncoding = 4; lastKnownFileType = sourcecode.c.h; path = FMDatabasePool.h; sourceTree = "<group>"; };
		EBA4D55222AFEAB500B1B566 /* FMDatabaseQueue.h */ = {isa = PBXFileReference; fileEncoding = 4; lastKnownFileType = sourcecode.c.h; path = FMDatabaseQueue.h; sourceTree = "<group>"; };
		EBACD44D247839360063085E /* rightsapp_v7_utf16.db */ = {isa = PBXFileReference; lastKnownFileType = file; path = rightsapp_v7_utf16.db; sourceTree = "<group>"; };
		EBB51BC82490C3FC0098871A /* rightsapp_v8_utf16.db */ = {isa = PBXFileReference; lastKnownFileType = file; path = rightsapp_v8_utf16.db; sourceTree = "<group>"; };
		EBB61D2022B1442200F749D7 /* DatabaseHelper.swift */ = {isa = PBXFileReference; lastKnownFileType = sourcecode.swift; path = DatabaseHelper.swift; sourceTree = "<group>"; };
		EBBB089922C4FF9C00918F15 /* EntityModel.swift */ = {isa = PBXFileReference; lastKnownFileType = sourcecode.swift; path = EntityModel.swift; sourceTree = "<group>"; };
		EBC35A2222CCEDCF003EFA20 /* HowToViewController.swift */ = {isa = PBXFileReference; lastKnownFileType = sourcecode.swift; path = HowToViewController.swift; sourceTree = "<group>"; };
		EBC5FF3C2431FC4900B70773 /* rightsapp_v6_utf16.db */ = {isa = PBXFileReference; lastKnownFileType = file; path = rightsapp_v6_utf16.db; sourceTree = "<group>"; };
		EBC6BD27248FE6DE00063442 /* Roboto-Black.ttf */ = {isa = PBXFileReference; lastKnownFileType = file; path = "Roboto-Black.ttf"; sourceTree = "<group>"; };
		EBC80F5622CCD2D900870B27 /* InitViewController.swift */ = {isa = PBXFileReference; lastKnownFileType = sourcecode.swift; path = InitViewController.swift; sourceTree = "<group>"; };
		EBC80F5822CCD4D300870B27 /* TermsViewController.swift */ = {isa = PBXFileReference; lastKnownFileType = sourcecode.swift; path = TermsViewController.swift; sourceTree = "<group>"; };
		EBD9C879248FE88E002B02D9 /* Roboto-Medium.ttf */ = {isa = PBXFileReference; lastKnownFileType = file; path = "Roboto-Medium.ttf"; sourceTree = "<group>"; };
		EBD9C87B248FE8A4002B02D9 /* Roboto-Regular.ttf */ = {isa = PBXFileReference; lastKnownFileType = file; path = "Roboto-Regular.ttf"; sourceTree = "<group>"; };
		EBE8797322A805300040EB58 /* HowToUseTheAppTextViewController.swift */ = {isa = PBXFileReference; lastKnownFileType = sourcecode.swift; path = HowToUseTheAppTextViewController.swift; sourceTree = "<group>"; };
		EBE8797522A806410040EB58 /* TermsConditionsTextViewController.swift */ = {isa = PBXFileReference; lastKnownFileType = sourcecode.swift; path = TermsConditionsTextViewController.swift; sourceTree = "<group>"; };
		EBF55CFD22BA78BC00CAE991 /* ParticlesTableViewController.swift */ = {isa = PBXFileReference; lastKnownFileType = sourcecode.swift; path = ParticlesTableViewController.swift; sourceTree = "<group>"; };
		EBFB22DA22C4157C0065E91F /* CategoryModel.swift */ = {isa = PBXFileReference; lastKnownFileType = sourcecode.swift; path = CategoryModel.swift; sourceTree = "<group>"; };
		EBFEFCFC247D1B5700AC7C4E /* MakeCallViewController.swift */ = {isa = PBXFileReference; lastKnownFileType = sourcecode.swift; path = MakeCallViewController.swift; sourceTree = "<group>"; };
		ED6C64DAEF3ED7A0DBCA7251 /* Pods-RightsAppTests.release.xcconfig */ = {isa = PBXFileReference; includeInIndex = 1; lastKnownFileType = text.xcconfig; name = "Pods-RightsAppTests.release.xcconfig"; path = "Target Support Files/Pods-RightsAppTests/Pods-RightsAppTests.release.xcconfig"; sourceTree = "<group>"; };
/* End PBXFileReference section */

/* Begin PBXFrameworksBuildPhase section */
		EB993A42229D3B7A0082DE76 /* Frameworks */ = {
			isa = PBXFrameworksBuildPhase;
			buildActionMask = 2147483647;
			files = (
				4311577199849842712C0D3A /* Pods_RightsApp.framework in Frameworks */,
			);
			runOnlyForDeploymentPostprocessing = 0;
		};
		EB993A56229D3B7B0082DE76 /* Frameworks */ = {
			isa = PBXFrameworksBuildPhase;
			buildActionMask = 2147483647;
			files = (
				D7C85FAE4831693539612F09 /* Pods_RightsAppTests.framework in Frameworks */,
			);
			runOnlyForDeploymentPostprocessing = 0;
		};
		EB993A61229D3B7B0082DE76 /* Frameworks */ = {
			isa = PBXFrameworksBuildPhase;
			buildActionMask = 2147483647;
			files = (
				D28D68F7EB66AB83B53F1D31 /* Pods_RightsApp_RightsAppUITests.framework in Frameworks */,
			);
			runOnlyForDeploymentPostprocessing = 0;
		};
/* End PBXFrameworksBuildPhase section */

/* Begin PBXGroup section */
		9E1D985E30CB39D3B730B1D8 /* Frameworks */ = {
			isa = PBXGroup;
			children = (
				0C5FECAFE99D1736CEB470EC /* Pods_RightsApp.framework */,
				2DDA21C0E8FAD2DE7D0964BD /* Pods_RightsApp_RightsAppUITests.framework */,
				7BC6D5F8411381B0F3F4C2F2 /* Pods_RightsAppTests.framework */,
			);
			name = Frameworks;
			sourceTree = "<group>";
		};
		C0465D5305730FCAEA130D6D /* Pods */ = {
			isa = PBXGroup;
			children = (
				C447221A57FEC7AD7412DA5C /* Pods-RightsApp.debug.xcconfig */,
				E25EC867B9D5FA74DADCA964 /* Pods-RightsApp.release.xcconfig */,
				CCF117918E7DF5BBD3C3716B /* Pods-RightsApp-RightsAppUITests.debug.xcconfig */,
				34F0CDB66BCDC409BB6D3EA1 /* Pods-RightsApp-RightsAppUITests.release.xcconfig */,
				0A1A9CABAAE2247A8DC7EC4E /* Pods-RightsAppTests.debug.xcconfig */,
				ED6C64DAEF3ED7A0DBCA7251 /* Pods-RightsAppTests.release.xcconfig */,
			);
			path = Pods;
			sourceTree = "<group>";
		};
		EB205C8B22A7D733006B5BDC /* Controllers */ = {
			isa = PBXGroup;
			children = (
				EB4D1ABB22A6B3D000054C3B /* RightsAppViewController.swift */,
				EBE8797322A805300040EB58 /* HowToUseTheAppTextViewController.swift */,
				EBE8797522A806410040EB58 /* TermsConditionsTextViewController.swift */,
				EB2EAA3622AE527100629C07 /* LanguageViewController.swift */,
				EBA4D54422AFDCD000B1B566 /* QuestionnaireViewController.swift */,
				EB8F10E12450A50F0089D5D2 /* ParticlesClusterTableViewController.swift */,
				EBF55CFD22BA78BC00CAE991 /* ParticlesTableViewController.swift */,
				EB26D20A22BBC2A700C2C46C /* ParticleDetailsViewController.swift */,
				EB9C6F7A22BBD7A600D09334 /* EmergencyCallViewController.swift */,
				EB99E0C422C22EAC005643BF /* AboutUsViewController.swift */,
				EB31262D22C371A8002B8DFB /* SearchEntityViewController.swift */,
				EB09F12F22C4D70D0015F48C /* EntityDetailsViewController.swift */,
				EBC80F5622CCD2D900870B27 /* InitViewController.swift */,
				EBC80F5822CCD4D300870B27 /* TermsViewController.swift */,
				EBC35A2222CCEDCF003EFA20 /* HowToViewController.swift */,
				EB36E5E822CE37D4008B7ACD /* EntitiesListViewController.swift */,
				EB9D8C6C247BE0D300225E37 /* WhatsNextTableViewController.swift */,
				EBFEFCFC247D1B5700AC7C4E /* MakeCallViewController.swift */,
				EB342F622492A3AE00DA779E /* SearchEntityPickerViewController.swift */,
			);
			path = Controllers;
			sourceTree = "<group>";
		};
		EB5CE65F22B1904F00570231 /* Models */ = {
			isa = PBXGroup;
			children = (
				EB5CE66022B1907E00570231 /* CityModel.swift */,
				EB5CE66222B1961900570231 /* AnswerModel.swift */,
				EB10DC7622BA505000CD89DB /* ParticleModel.swift */,
				EBFB22DA22C4157C0065E91F /* CategoryModel.swift */,
				EB09F12D22C4B0C20015F48C /* CountryModel.swift */,
				EBBB089922C4FF9C00918F15 /* EntityModel.swift */,
				EB8F10E32450AAE60089D5D2 /* ClusterModel.swift */,
				EB9D8C6E247BE9FE00225E37 /* WhatsNextModel.swift */,
			);
			path = Models;
			sourceTree = "<group>";
		};
		EB993A3C229D3B7A0082DE76 = {
			isa = PBXGroup;
			children = (
				EBC6BD24248FE43D00063442 /* Font */,
				EB75877222DCC6E400AE32A4 /* Settings.bundle */,
				EB5986BE22BCB1C700F22D85 /* LocalizationSystem.swift */,
				EB35C30A22B238DC004599D9 /* Constants.swift */,
				EB5CE65F22B1904F00570231 /* Models */,
				EBB61D1F22B1440900F749D7 /* Managers */,
				EBA4D54622AFE87300B1B566 /* FMDB */,
				EBA4D54122AFDAFA00B1B566 /* rightsapp_v5_utf16.db */,
				EBC5FF3C2431FC4900B70773 /* rightsapp_v6_utf16.db */,
				EBACD44D247839360063085E /* rightsapp_v7_utf16.db */,
				EBB51BC82490C3FC0098871A /* rightsapp_v8_utf16.db */,
				EB205C8B22A7D733006B5BDC /* Controllers */,
				EB8A66FA229ED4DE003855BD /* Localizable.strings */,
				EBFA91DE229D816100802BC7 /* Storyboards */,
				EB993A47229D3B7A0082DE76 /* RightsApp_ios */,
				EB993A5C229D3B7B0082DE76 /* RightsApp_iosTests */,
				EB993A67229D3B7B0082DE76 /* RightsApp_iosUITests */,
				EB993A46229D3B7A0082DE76 /* Products */,
				C0465D5305730FCAEA130D6D /* Pods */,
				9E1D985E30CB39D3B730B1D8 /* Frameworks */,
			);
			sourceTree = "<group>";
		};
		EB993A46229D3B7A0082DE76 /* Products */ = {
			isa = PBXGroup;
			children = (
				EB993A45229D3B7A0082DE76 /* RightsApp.app */,
				EB993A59229D3B7B0082DE76 /* RightsAppTests.xctest */,
				EB993A64229D3B7B0082DE76 /* RightsAppUITests.xctest */,
			);
			name = Products;
			sourceTree = "<group>";
		};
		EB993A47229D3B7A0082DE76 /* RightsApp_ios */ = {
			isa = PBXGroup;
			children = (
				EB993A48229D3B7A0082DE76 /* AppDelegate.swift */,
				EB993A4A229D3B7A0082DE76 /* ViewController.swift */,
				EB993A4F229D3B7A0082DE76 /* Assets.xcassets */,
				EB993A54229D3B7A0082DE76 /* Info.plist */,
				EB7C3F8423478B31002D8610 /* GoogleService-Info.plist */,
			);
			path = RightsApp_ios;
			sourceTree = "<group>";
		};
		EB993A5C229D3B7B0082DE76 /* RightsApp_iosTests */ = {
			isa = PBXGroup;
			children = (
				EB993A5D229D3B7B0082DE76 /* RightsApp_iosTests.swift */,
				EB993A5F229D3B7B0082DE76 /* Info.plist */,
			);
			path = RightsApp_iosTests;
			sourceTree = "<group>";
		};
		EB993A67229D3B7B0082DE76 /* RightsApp_iosUITests */ = {
			isa = PBXGroup;
			children = (
				EB993A68229D3B7B0082DE76 /* RightsApp_iosUITests.swift */,
				EB993A6A229D3B7B0082DE76 /* Info.plist */,
			);
			path = RightsApp_iosUITests;
			sourceTree = "<group>";
		};
		EBA4D54622AFE87300B1B566 /* FMDB */ = {
			isa = PBXGroup;
			children = (
				EBA4D54922AFEAB500B1B566 /* FMDatabase.h */,
				EBA4D54E22AFEAB500B1B566 /* FMDatabase.m */,
				EBA4D54F22AFEAB500B1B566 /* FMDatabaseAdditions.h */,
				EBA4D54A22AFEAB500B1B566 /* FMDatabaseAdditions.m */,
				EBA4D55122AFEAB500B1B566 /* FMDatabasePool.h */,
				EBA4D55022AFEAB500B1B566 /* FMDatabasePool.m */,
				EBA4D55222AFEAB500B1B566 /* FMDatabaseQueue.h */,
				EBA4D54D22AFEAB500B1B566 /* FMDatabaseQueue.m */,
				EBA4D54B22AFEAB500B1B566 /* FMDB.h */,
				EBA4D54C22AFEAB500B1B566 /* FMResultSet.h */,
				EBA4D54822AFEAB400B1B566 /* FMResultSet.m */,
				EBA4D54722AFEAB400B1B566 /* RightsApp_ios-Bridging-Header.h */,
			);
			path = FMDB;
			sourceTree = "<group>";
		};
		EBB61D1F22B1440900F749D7 /* Managers */ = {
			isa = PBXGroup;
			children = (
				EB75877422DCDB1500AE32A4 /* SettingsBundleHelper.swift */,
				EBB61D2022B1442200F749D7 /* DatabaseHelper.swift */,
			);
			path = Managers;
			sourceTree = "<group>";
		};
		EBC6BD24248FE43D00063442 /* Font */ = {
			isa = PBXGroup;
			children = (
				EBD9C87B248FE8A4002B02D9 /* Roboto-Regular.ttf */,
				EBD9C879248FE88E002B02D9 /* Roboto-Medium.ttf */,
				EBC6BD27248FE6DE00063442 /* Roboto-Black.ttf */,
			);
			path = Font;
			sourceTree = "<group>";
		};
		EBFA91DE229D816100802BC7 /* Storyboards */ = {
			isa = PBXGroup;
			children = (
				EB993A4C229D3B7A0082DE76 /* Main.storyboard */,
				EB205C8422A7D651006B5BDC /* EmergencyCall.storyboard */,
				EB205C7B22A7D642006B5BDC /* Questionnaire.storyboard */,
				EB205C7222A7D62D006B5BDC /* SearchEntity.storyboard */,
				EB993A51229D3B7A0082DE76 /* LaunchScreen.storyboard */,
				EB59E27D22CCCC9C00396BCC /* Init.storyboard */,
			);
			path = Storyboards;
			sourceTree = "<group>";
		};
/* End PBXGroup section */

/* Begin PBXNativeTarget section */
		EB993A44229D3B7A0082DE76 /* RightsApp */ = {
			isa = PBXNativeTarget;
			buildConfigurationList = EB993A6D229D3B7B0082DE76 /* Build configuration list for PBXNativeTarget "RightsApp" */;
			buildPhases = (
				E62567FE3C99334625EC2664 /* [CP] Check Pods Manifest.lock */,
				EB993A41229D3B7A0082DE76 /* Sources */,
				EB993A42229D3B7A0082DE76 /* Frameworks */,
				EB993A43229D3B7A0082DE76 /* Resources */,
				86E8B28C51793B57860A9370 /* [CP] Embed Pods Frameworks */,
			);
			buildRules = (
			);
			dependencies = (
			);
			name = RightsApp;
			productName = RightsApp_ios;
			productReference = EB993A45229D3B7A0082DE76 /* RightsApp.app */;
			productType = "com.apple.product-type.application";
		};
		EB993A58229D3B7B0082DE76 /* RightsAppTests */ = {
			isa = PBXNativeTarget;
			buildConfigurationList = EB993A70229D3B7B0082DE76 /* Build configuration list for PBXNativeTarget "RightsAppTests" */;
			buildPhases = (
				5A3E51AE0AE600A6A3BEC41C /* [CP] Check Pods Manifest.lock */,
				EB993A55229D3B7B0082DE76 /* Sources */,
				EB993A56229D3B7B0082DE76 /* Frameworks */,
				EB993A57229D3B7B0082DE76 /* Resources */,
			);
			buildRules = (
			);
			dependencies = (
				EB993A5B229D3B7B0082DE76 /* PBXTargetDependency */,
			);
			name = RightsAppTests;
			productName = RightsApp_iosTests;
			productReference = EB993A59229D3B7B0082DE76 /* RightsAppTests.xctest */;
			productType = "com.apple.product-type.bundle.unit-test";
		};
		EB993A63229D3B7B0082DE76 /* RightsAppUITests */ = {
			isa = PBXNativeTarget;
			buildConfigurationList = EB993A73229D3B7B0082DE76 /* Build configuration list for PBXNativeTarget "RightsAppUITests" */;
			buildPhases = (
				F660D55E185BC4F42B9B7D33 /* [CP] Check Pods Manifest.lock */,
				EB993A60229D3B7B0082DE76 /* Sources */,
				EB993A61229D3B7B0082DE76 /* Frameworks */,
				EB993A62229D3B7B0082DE76 /* Resources */,
				C76A39166C31AD63D577CB8F /* [CP] Embed Pods Frameworks */,
			);
			buildRules = (
			);
			dependencies = (
				EB993A66229D3B7B0082DE76 /* PBXTargetDependency */,
			);
			name = RightsAppUITests;
			productName = RightsApp_iosUITests;
			productReference = EB993A64229D3B7B0082DE76 /* RightsAppUITests.xctest */;
			productType = "com.apple.product-type.bundle.ui-testing";
		};
/* End PBXNativeTarget section */

/* Begin PBXProject section */
		EB993A3D229D3B7A0082DE76 /* Project object */ = {
			isa = PBXProject;
			attributes = {
				LastSwiftUpdateCheck = 1020;
				LastUpgradeCheck = 1020;
				ORGANIZATIONNAME = uab;
				TargetAttributes = {
					EB993A44229D3B7A0082DE76 = {
						CreatedOnToolsVersion = 10.2.1;
						LastSwiftMigration = 1020;
					};
					EB993A58229D3B7B0082DE76 = {
						CreatedOnToolsVersion = 10.2.1;
						TestTargetID = EB993A44229D3B7A0082DE76;
					};
					EB993A63229D3B7B0082DE76 = {
						CreatedOnToolsVersion = 10.2.1;
						TestTargetID = EB993A44229D3B7A0082DE76;
					};
				};
			};
			buildConfigurationList = EB993A40229D3B7A0082DE76 /* Build configuration list for PBXProject "RightsApp" */;
			compatibilityVersion = "Xcode 9.3";
			developmentRegion = en;
			hasScannedForEncodings = 0;
			knownRegions = (
				en,
				Base,
				es,
				it,
				"pt-PT",
			);
			mainGroup = EB993A3C229D3B7A0082DE76;
			productRefGroup = EB993A46229D3B7A0082DE76 /* Products */;
			projectDirPath = "";
			projectRoot = "";
			targets = (
				EB993A44229D3B7A0082DE76 /* RightsApp */,
				EB993A58229D3B7B0082DE76 /* RightsAppTests */,
				EB993A63229D3B7B0082DE76 /* RightsAppUITests */,
			);
		};
/* End PBXProject section */

/* Begin PBXResourcesBuildPhase section */
		EB993A43229D3B7A0082DE76 /* Resources */ = {
			isa = PBXResourcesBuildPhase;
			buildActionMask = 2147483647;
			files = (
				EB59E27E22CCCC9C00396BCC /* Init.storyboard in Resources */,
				EBB51BC92490C3FC0098871A /* rightsapp_v8_utf16.db in Resources */,
				EB205C8222A7D651006B5BDC /* EmergencyCall.storyboard in Resources */,
				EBD9C87C248FE8A4002B02D9 /* Roboto-Regular.ttf in Resources */,
				EB75877322DCC6E400AE32A4 /* Settings.bundle in Resources */,
				EBC5FF3D2431FC4900B70773 /* rightsapp_v6_utf16.db in Resources */,
				EB993A53229D3B7A0082DE76 /* LaunchScreen.storyboard in Resources */,
				EBD9C87A248FE88E002B02D9 /* Roboto-Medium.ttf in Resources */,
				EBA4D54222AFDAFA00B1B566 /* rightsapp_v5_utf16.db in Resources */,
				EB205C7922A7D642006B5BDC /* Questionnaire.storyboard in Resources */,
				EB205C7022A7D62D006B5BDC /* SearchEntity.storyboard in Resources */,
				EB8A66F8229ED4DE003855BD /* Localizable.strings in Resources */,
				EBACD44E247839360063085E /* rightsapp_v7_utf16.db in Resources */,
				EB7C3F8523478B31002D8610 /* GoogleService-Info.plist in Resources */,
				EBC6BD28248FE6DE00063442 /* Roboto-Black.ttf in Resources */,
				EB993A50229D3B7A0082DE76 /* Assets.xcassets in Resources */,
				EB993A4E229D3B7A0082DE76 /* Main.storyboard in Resources */,
			);
			runOnlyForDeploymentPostprocessing = 0;
		};
		EB993A57229D3B7B0082DE76 /* Resources */ = {
			isa = PBXResourcesBuildPhase;
			buildActionMask = 2147483647;
			files = (
			);
			runOnlyForDeploymentPostprocessing = 0;
		};
		EB993A62229D3B7B0082DE76 /* Resources */ = {
			isa = PBXResourcesBuildPhase;
			buildActionMask = 2147483647;
			files = (
			);
			runOnlyForDeploymentPostprocessing = 0;
		};
/* End PBXResourcesBuildPhase section */

/* Begin PBXShellScriptBuildPhase section */
		5A3E51AE0AE600A6A3BEC41C /* [CP] Check Pods Manifest.lock */ = {
			isa = PBXShellScriptBuildPhase;
			buildActionMask = 2147483647;
			files = (
			);
			inputFileListPaths = (
			);
			inputPaths = (
				"${PODS_PODFILE_DIR_PATH}/Podfile.lock",
				"${PODS_ROOT}/Manifest.lock",
			);
			name = "[CP] Check Pods Manifest.lock";
			outputFileListPaths = (
			);
			outputPaths = (
				"$(DERIVED_FILE_DIR)/Pods-RightsAppTests-checkManifestLockResult.txt",
			);
			runOnlyForDeploymentPostprocessing = 0;
			shellPath = /bin/sh;
			shellScript = "diff \"${PODS_PODFILE_DIR_PATH}/Podfile.lock\" \"${PODS_ROOT}/Manifest.lock\" > /dev/null\nif [ $? != 0 ] ; then\n    # print error to STDERR\n    echo \"error: The sandbox is not in sync with the Podfile.lock. Run 'pod install' or update your CocoaPods installation.\" >&2\n    exit 1\nfi\n# This output is used by Xcode 'outputs' to avoid re-running this script phase.\necho \"SUCCESS\" > \"${SCRIPT_OUTPUT_FILE_0}\"\n";
			showEnvVarsInLog = 0;
		};
		86E8B28C51793B57860A9370 /* [CP] Embed Pods Frameworks */ = {
			isa = PBXShellScriptBuildPhase;
			buildActionMask = 2147483647;
			files = (
			);
			inputFileListPaths = (
				"${PODS_ROOT}/Target Support Files/Pods-RightsApp/Pods-RightsApp-frameworks-${CONFIGURATION}-input-files.xcfilelist",
			);
			name = "[CP] Embed Pods Frameworks";
			outputFileListPaths = (
				"${PODS_ROOT}/Target Support Files/Pods-RightsApp/Pods-RightsApp-frameworks-${CONFIGURATION}-output-files.xcfilelist",
			);
			runOnlyForDeploymentPostprocessing = 0;
			shellPath = /bin/sh;
			shellScript = "\"${PODS_ROOT}/Target Support Files/Pods-RightsApp/Pods-RightsApp-frameworks.sh\"\n";
			showEnvVarsInLog = 0;
		};
		C76A39166C31AD63D577CB8F /* [CP] Embed Pods Frameworks */ = {
			isa = PBXShellScriptBuildPhase;
			buildActionMask = 2147483647;
			files = (
			);
			inputFileListPaths = (
				"${PODS_ROOT}/Target Support Files/Pods-RightsApp-RightsAppUITests/Pods-RightsApp-RightsAppUITests-frameworks-${CONFIGURATION}-input-files.xcfilelist",
			);
			name = "[CP] Embed Pods Frameworks";
			outputFileListPaths = (
				"${PODS_ROOT}/Target Support Files/Pods-RightsApp-RightsAppUITests/Pods-RightsApp-RightsAppUITests-frameworks-${CONFIGURATION}-output-files.xcfilelist",
			);
			runOnlyForDeploymentPostprocessing = 0;
			shellPath = /bin/sh;
			shellScript = "\"${PODS_ROOT}/Target Support Files/Pods-RightsApp-RightsAppUITests/Pods-RightsApp-RightsAppUITests-frameworks.sh\"\n";
			showEnvVarsInLog = 0;
		};
		E62567FE3C99334625EC2664 /* [CP] Check Pods Manifest.lock */ = {
			isa = PBXShellScriptBuildPhase;
			buildActionMask = 2147483647;
			files = (
			);
			inputFileListPaths = (
			);
			inputPaths = (
				"${PODS_PODFILE_DIR_PATH}/Podfile.lock",
				"${PODS_ROOT}/Manifest.lock",
			);
			name = "[CP] Check Pods Manifest.lock";
			outputFileListPaths = (
			);
			outputPaths = (
				"$(DERIVED_FILE_DIR)/Pods-RightsApp-checkManifestLockResult.txt",
			);
			runOnlyForDeploymentPostprocessing = 0;
			shellPath = /bin/sh;
			shellScript = "diff \"${PODS_PODFILE_DIR_PATH}/Podfile.lock\" \"${PODS_ROOT}/Manifest.lock\" > /dev/null\nif [ $? != 0 ] ; then\n    # print error to STDERR\n    echo \"error: The sandbox is not in sync with the Podfile.lock. Run 'pod install' or update your CocoaPods installation.\" >&2\n    exit 1\nfi\n# This output is used by Xcode 'outputs' to avoid re-running this script phase.\necho \"SUCCESS\" > \"${SCRIPT_OUTPUT_FILE_0}\"\n";
			showEnvVarsInLog = 0;
		};
		F660D55E185BC4F42B9B7D33 /* [CP] Check Pods Manifest.lock */ = {
			isa = PBXShellScriptBuildPhase;
			buildActionMask = 2147483647;
			files = (
			);
			inputFileListPaths = (
			);
			inputPaths = (
				"${PODS_PODFILE_DIR_PATH}/Podfile.lock",
				"${PODS_ROOT}/Manifest.lock",
			);
			name = "[CP] Check Pods Manifest.lock";
			outputFileListPaths = (
			);
			outputPaths = (
				"$(DERIVED_FILE_DIR)/Pods-RightsApp-RightsAppUITests-checkManifestLockResult.txt",
			);
			runOnlyForDeploymentPostprocessing = 0;
			shellPath = /bin/sh;
			shellScript = "diff \"${PODS_PODFILE_DIR_PATH}/Podfile.lock\" \"${PODS_ROOT}/Manifest.lock\" > /dev/null\nif [ $? != 0 ] ; then\n    # print error to STDERR\n    echo \"error: The sandbox is not in sync with the Podfile.lock. Run 'pod install' or update your CocoaPods installation.\" >&2\n    exit 1\nfi\n# This output is used by Xcode 'outputs' to avoid re-running this script phase.\necho \"SUCCESS\" > \"${SCRIPT_OUTPUT_FILE_0}\"\n";
			showEnvVarsInLog = 0;
		};
/* End PBXShellScriptBuildPhase section */

/* Begin PBXSourcesBuildPhase section */
		EB993A41229D3B7A0082DE76 /* Sources */ = {
			isa = PBXSourcesBuildPhase;
			buildActionMask = 2147483647;
			files = (
				EB75877522DCDB1500AE32A4 /* SettingsBundleHelper.swift in Sources */,
				EBBB089A22C4FF9C00918F15 /* EntityModel.swift in Sources */,
				EBE8797622A806410040EB58 /* TermsConditionsTextViewController.swift in Sources */,
				EB26D20B22BBC2A700C2C46C /* ParticleDetailsViewController.swift in Sources */,
				EBC35A2322CCEDD0003EFA20 /* HowToViewController.swift in Sources */,
				EB31262E22C371A8002B8DFB /* SearchEntityViewController.swift in Sources */,
				EB35C30B22B238DC004599D9 /* Constants.swift in Sources */,
				EB2EAA3722AE527100629C07 /* LanguageViewController.swift in Sources */,
				EB99E0C522C22EAC005643BF /* AboutUsViewController.swift in Sources */,
				EB36E5E922CE37D4008B7ACD /* EntitiesListViewController.swift in Sources */,
				EB5CE66322B1961900570231 /* AnswerModel.swift in Sources */,
				EB09F13022C4D70D0015F48C /* EntityDetailsViewController.swift in Sources */,
				EBC80F5722CCD2D900870B27 /* InitViewController.swift in Sources */,
				EBA4D55622AFEAB500B1B566 /* FMDatabase.m in Sources */,
				EB993A4B229D3B7A0082DE76 /* ViewController.swift in Sources */,
				EB9C6F7B22BBD7A600D09334 /* EmergencyCallViewController.swift in Sources */,
				EB5986BF22BCB1C700F22D85 /* LocalizationSystem.swift in Sources */,
				EBA4D55522AFEAB500B1B566 /* FMDatabaseQueue.m in Sources */,
				EB993A49229D3B7A0082DE76 /* AppDelegate.swift in Sources */,
				EB09F12E22C4B0C20015F48C /* CountryModel.swift in Sources */,
				EB9D8C6D247BE0D300225E37 /* WhatsNextTableViewController.swift in Sources */,
				EB342F632492A3AE00DA779E /* SearchEntityPickerViewController.swift in Sources */,
				EB8F10E42450AAE60089D5D2 /* ClusterModel.swift in Sources */,
				EBA4D55722AFEAB500B1B566 /* FMDatabasePool.m in Sources */,
				EBFEFCFD247D1B5700AC7C4E /* MakeCallViewController.swift in Sources */,
				EBFB22DB22C4157C0065E91F /* CategoryModel.swift in Sources */,
				EB8F10E22450A50F0089D5D2 /* ParticlesClusterTableViewController.swift in Sources */,
				EBA4D54522AFDCD000B1B566 /* QuestionnaireViewController.swift in Sources */,
				EB4D1ABC22A6B3D000054C3B /* RightsAppViewController.swift in Sources */,
				EBB61D2122B1442200F749D7 /* DatabaseHelper.swift in Sources */,
				EB10DC7722BA505000CD89DB /* ParticleModel.swift in Sources */,
				EBA4D55322AFEAB500B1B566 /* FMResultSet.m in Sources */,
				EBE8797422A805300040EB58 /* HowToUseTheAppTextViewController.swift in Sources */,
				EBA4D55422AFEAB500B1B566 /* FMDatabaseAdditions.m in Sources */,
				EBF55CFE22BA78BC00CAE991 /* ParticlesTableViewController.swift in Sources */,
				EBC80F5922CCD4D300870B27 /* TermsViewController.swift in Sources */,
				EB9D8C6F247BE9FE00225E37 /* WhatsNextModel.swift in Sources */,
				EB5CE66122B1907E00570231 /* CityModel.swift in Sources */,
			);
			runOnlyForDeploymentPostprocessing = 0;
		};
		EB993A55229D3B7B0082DE76 /* Sources */ = {
			isa = PBXSourcesBuildPhase;
			buildActionMask = 2147483647;
			files = (
				EB993A5E229D3B7B0082DE76 /* RightsApp_iosTests.swift in Sources */,
			);
			runOnlyForDeploymentPostprocessing = 0;
		};
		EB993A60229D3B7B0082DE76 /* Sources */ = {
			isa = PBXSourcesBuildPhase;
			buildActionMask = 2147483647;
			files = (
				EB993A69229D3B7B0082DE76 /* RightsApp_iosUITests.swift in Sources */,
			);
			runOnlyForDeploymentPostprocessing = 0;
		};
/* End PBXSourcesBuildPhase section */

/* Begin PBXTargetDependency section */
		EB993A5B229D3B7B0082DE76 /* PBXTargetDependency */ = {
			isa = PBXTargetDependency;
			target = EB993A44229D3B7A0082DE76 /* RightsApp */;
			targetProxy = EB993A5A229D3B7B0082DE76 /* PBXContainerItemProxy */;
		};
		EB993A66229D3B7B0082DE76 /* PBXTargetDependency */ = {
			isa = PBXTargetDependency;
			target = EB993A44229D3B7A0082DE76 /* RightsApp */;
			targetProxy = EB993A65229D3B7B0082DE76 /* PBXContainerItemProxy */;
		};
/* End PBXTargetDependency section */

/* Begin PBXVariantGroup section */
		EB205C7222A7D62D006B5BDC /* SearchEntity.storyboard */ = {
			isa = PBXVariantGroup;
			children = (
				EB205C7122A7D62D006B5BDC /* Base */,
				EB205C7422A7D634006B5BDC /* es */,
				EB205C7622A7D634006B5BDC /* it */,
				EB205C7822A7D635006B5BDC /* pt-PT */,
			);
			name = SearchEntity.storyboard;
			sourceTree = "<group>";
		};
		EB205C7B22A7D642006B5BDC /* Questionnaire.storyboard */ = {
			isa = PBXVariantGroup;
			children = (
				EB205C7A22A7D642006B5BDC /* Base */,
				EB205C7D22A7D649006B5BDC /* es */,
				EB205C7F22A7D64A006B5BDC /* it */,
				EB205C8122A7D64B006B5BDC /* pt-PT */,
			);
			name = Questionnaire.storyboard;
			sourceTree = "<group>";
		};
		EB205C8422A7D651006B5BDC /* EmergencyCall.storyboard */ = {
			isa = PBXVariantGroup;
			children = (
				EB205C8322A7D651006B5BDC /* Base */,
				EB205C8622A7D657006B5BDC /* es */,
				EB205C8822A7D658006B5BDC /* it */,
				EB205C8A22A7D659006B5BDC /* pt-PT */,
			);
			name = EmergencyCall.storyboard;
			sourceTree = "<group>";
		};
		EB8A66FA229ED4DE003855BD /* Localizable.strings */ = {
			isa = PBXVariantGroup;
			children = (
				EB8A66F9229ED4DE003855BD /* en */,
				EB8A66FB229ED4E5003855BD /* es */,
				EB8A66FC229ED4E6003855BD /* it */,
				EB8A66FD229ED4E7003855BD /* pt-PT */,
			);
			name = Localizable.strings;
			sourceTree = "<group>";
		};
		EB993A4C229D3B7A0082DE76 /* Main.storyboard */ = {
			isa = PBXVariantGroup;
			children = (
				EB993A4D229D3B7A0082DE76 /* Base */,
				EB8A66F0229EC8BA003855BD /* es */,
				EB8A66F2229EC8C3003855BD /* it */,
				EB8A66F4229EC8CE003855BD /* pt-PT */,
			);
			name = Main.storyboard;
			sourceTree = "<group>";
		};
		EB993A51229D3B7A0082DE76 /* LaunchScreen.storyboard */ = {
			isa = PBXVariantGroup;
			children = (
				EB993A52229D3B7A0082DE76 /* Base */,
				EB8A66F1229EC8BA003855BD /* es */,
				EB8A66F3229EC8C3003855BD /* it */,
				EB8A66F5229EC8CE003855BD /* pt-PT */,
			);
			name = LaunchScreen.storyboard;
			sourceTree = "<group>";
		};
/* End PBXVariantGroup section */

/* Begin XCBuildConfiguration section */
		EB993A6B229D3B7B0082DE76 /* Debug */ = {
			isa = XCBuildConfiguration;
			buildSettings = {
				ALWAYS_SEARCH_USER_PATHS = NO;
				CLANG_ANALYZER_LOCALIZABILITY_NONLOCALIZED = YES;
				CLANG_ANALYZER_NONNULL = YES;
				CLANG_ANALYZER_NUMBER_OBJECT_CONVERSION = YES_AGGRESSIVE;
				CLANG_CXX_LANGUAGE_STANDARD = "gnu++14";
				CLANG_CXX_LIBRARY = "libc++";
				CLANG_ENABLE_MODULES = YES;
				CLANG_ENABLE_OBJC_ARC = YES;
				CLANG_ENABLE_OBJC_WEAK = YES;
				CLANG_WARN_BLOCK_CAPTURE_AUTORELEASING = YES;
				CLANG_WARN_BOOL_CONVERSION = YES;
				CLANG_WARN_COMMA = YES;
				CLANG_WARN_CONSTANT_CONVERSION = YES;
				CLANG_WARN_DEPRECATED_OBJC_IMPLEMENTATIONS = YES;
				CLANG_WARN_DIRECT_OBJC_ISA_USAGE = YES_ERROR;
				CLANG_WARN_DOCUMENTATION_COMMENTS = YES;
				CLANG_WARN_EMPTY_BODY = YES;
				CLANG_WARN_ENUM_CONVERSION = YES;
				CLANG_WARN_INFINITE_RECURSION = YES;
				CLANG_WARN_INT_CONVERSION = YES;
				CLANG_WARN_NON_LITERAL_NULL_CONVERSION = YES;
				CLANG_WARN_OBJC_IMPLICIT_RETAIN_SELF = YES;
				CLANG_WARN_OBJC_LITERAL_CONVERSION = YES;
				CLANG_WARN_OBJC_ROOT_CLASS = YES_ERROR;
				CLANG_WARN_RANGE_LOOP_ANALYSIS = YES;
				CLANG_WARN_STRICT_PROTOTYPES = YES;
				CLANG_WARN_SUSPICIOUS_MOVE = YES;
				CLANG_WARN_UNGUARDED_AVAILABILITY = YES_AGGRESSIVE;
				CLANG_WARN_UNREACHABLE_CODE = YES;
				CLANG_WARN__DUPLICATE_METHOD_MATCH = YES;
				CODE_SIGN_IDENTITY = "iPhone Developer";
				COPY_PHASE_STRIP = NO;
				DEBUG_INFORMATION_FORMAT = dwarf;
				ENABLE_STRICT_OBJC_MSGSEND = YES;
				ENABLE_TESTABILITY = YES;
				GCC_C_LANGUAGE_STANDARD = gnu11;
				GCC_DYNAMIC_NO_PIC = NO;
				GCC_NO_COMMON_BLOCKS = YES;
				GCC_OPTIMIZATION_LEVEL = 0;
				GCC_PREPROCESSOR_DEFINITIONS = (
					"DEBUG=1",
					"$(inherited)",
				);
				GCC_WARN_64_TO_32_BIT_CONVERSION = YES;
				GCC_WARN_ABOUT_RETURN_TYPE = YES_ERROR;
				GCC_WARN_UNDECLARED_SELECTOR = YES;
				GCC_WARN_UNINITIALIZED_AUTOS = YES_AGGRESSIVE;
				GCC_WARN_UNUSED_FUNCTION = YES;
				GCC_WARN_UNUSED_VARIABLE = YES;
				IPHONEOS_DEPLOYMENT_TARGET = 12.2;
				MTL_ENABLE_DEBUG_INFO = INCLUDE_SOURCE;
				MTL_FAST_MATH = YES;
				ONLY_ACTIVE_ARCH = YES;
				SDKROOT = iphoneos;
				SWIFT_ACTIVE_COMPILATION_CONDITIONS = DEBUG;
				SWIFT_OPTIMIZATION_LEVEL = "-Onone";
			};
			name = Debug;
		};
		EB993A6C229D3B7B0082DE76 /* Release */ = {
			isa = XCBuildConfiguration;
			buildSettings = {
				ALWAYS_SEARCH_USER_PATHS = NO;
				CLANG_ANALYZER_LOCALIZABILITY_NONLOCALIZED = YES;
				CLANG_ANALYZER_NONNULL = YES;
				CLANG_ANALYZER_NUMBER_OBJECT_CONVERSION = YES_AGGRESSIVE;
				CLANG_CXX_LANGUAGE_STANDARD = "gnu++14";
				CLANG_CXX_LIBRARY = "libc++";
				CLANG_ENABLE_MODULES = YES;
				CLANG_ENABLE_OBJC_ARC = YES;
				CLANG_ENABLE_OBJC_WEAK = YES;
				CLANG_WARN_BLOCK_CAPTURE_AUTORELEASING = YES;
				CLANG_WARN_BOOL_CONVERSION = YES;
				CLANG_WARN_COMMA = YES;
				CLANG_WARN_CONSTANT_CONVERSION = YES;
				CLANG_WARN_DEPRECATED_OBJC_IMPLEMENTATIONS = YES;
				CLANG_WARN_DIRECT_OBJC_ISA_USAGE = YES_ERROR;
				CLANG_WARN_DOCUMENTATION_COMMENTS = YES;
				CLANG_WARN_EMPTY_BODY = YES;
				CLANG_WARN_ENUM_CONVERSION = YES;
				CLANG_WARN_INFINITE_RECURSION = YES;
				CLANG_WARN_INT_CONVERSION = YES;
				CLANG_WARN_NON_LITERAL_NULL_CONVERSION = YES;
				CLANG_WARN_OBJC_IMPLICIT_RETAIN_SELF = YES;
				CLANG_WARN_OBJC_LITERAL_CONVERSION = YES;
				CLANG_WARN_OBJC_ROOT_CLASS = YES_ERROR;
				CLANG_WARN_RANGE_LOOP_ANALYSIS = YES;
				CLANG_WARN_STRICT_PROTOTYPES = YES;
				CLANG_WARN_SUSPICIOUS_MOVE = YES;
				CLANG_WARN_UNGUARDED_AVAILABILITY = YES_AGGRESSIVE;
				CLANG_WARN_UNREACHABLE_CODE = YES;
				CLANG_WARN__DUPLICATE_METHOD_MATCH = YES;
				CODE_SIGN_IDENTITY = "iPhone Developer";
				COPY_PHASE_STRIP = NO;
				DEBUG_INFORMATION_FORMAT = "dwarf-with-dsym";
				ENABLE_NS_ASSERTIONS = NO;
				ENABLE_STRICT_OBJC_MSGSEND = YES;
				GCC_C_LANGUAGE_STANDARD = gnu11;
				GCC_NO_COMMON_BLOCKS = YES;
				GCC_WARN_64_TO_32_BIT_CONVERSION = YES;
				GCC_WARN_ABOUT_RETURN_TYPE = YES_ERROR;
				GCC_WARN_UNDECLARED_SELECTOR = YES;
				GCC_WARN_UNINITIALIZED_AUTOS = YES_AGGRESSIVE;
				GCC_WARN_UNUSED_FUNCTION = YES;
				GCC_WARN_UNUSED_VARIABLE = YES;
				IPHONEOS_DEPLOYMENT_TARGET = 12.2;
				MTL_ENABLE_DEBUG_INFO = NO;
				MTL_FAST_MATH = YES;
				SDKROOT = iphoneos;
				SWIFT_COMPILATION_MODE = wholemodule;
				SWIFT_OPTIMIZATION_LEVEL = "-O";
				VALIDATE_PRODUCT = YES;
			};
			name = Release;
		};
		EB993A6E229D3B7B0082DE76 /* Debug */ = {
			isa = XCBuildConfiguration;
			baseConfigurationReference = C447221A57FEC7AD7412DA5C /* Pods-RightsApp.debug.xcconfig */;
			buildSettings = {
				ASSETCATALOG_COMPILER_APPICON_NAME = AppIcon;
				ASSETCATALOG_COMPILER_LAUNCHIMAGE_NAME = LaunchImage;
				CLANG_ENABLE_MODULES = YES;
				CODE_SIGN_IDENTITY = "Apple Development";
				CODE_SIGN_STYLE = Automatic;
				CURRENT_PROJECT_VERSION = 6;
				DEVELOPMENT_TEAM = F74445Z3HU;
				INFOPLIST_FILE = RightsApp_ios/Info.plist;
				LD_RUNPATH_SEARCH_PATHS = (
					"$(inherited)",
					"@executable_path/Frameworks",
				);
				MARKETING_VERSION = 1.21;
				PRODUCT_BUNDLE_IDENTIFIER = es.uab.idt.rightsapp;
				PRODUCT_NAME = "$(TARGET_NAME)";
				PROVISIONING_PROFILE_SPECIFIER = "";
				SWIFT_OBJC_BRIDGING_HEADER = "FMDB/RightsApp_ios-Bridging-Header.h";
				SWIFT_OPTIMIZATION_LEVEL = "-Onone";
				SWIFT_VERSION = 5.0;
				TARGETED_DEVICE_FAMILY = "1,2";
			};
			name = Debug;
		};
		EB993A6F229D3B7B0082DE76 /* Release */ = {
			isa = XCBuildConfiguration;
			baseConfigurationReference = E25EC867B9D5FA74DADCA964 /* Pods-RightsApp.release.xcconfig */;
			buildSettings = {
				ASSETCATALOG_COMPILER_APPICON_NAME = AppIcon;
				ASSETCATALOG_COMPILER_LAUNCHIMAGE_NAME = LaunchImage;
				CLANG_ENABLE_MODULES = YES;
				CODE_SIGN_IDENTITY = "Apple Development";
				CODE_SIGN_STYLE = Automatic;
				CURRENT_PROJECT_VERSION = 6;
				DEVELOPMENT_TEAM = F74445Z3HU;
				INFOPLIST_FILE = RightsApp_ios/Info.plist;
				LD_RUNPATH_SEARCH_PATHS = (
					"$(inherited)",
					"@executable_path/Frameworks",
				);
				MARKETING_VERSION = 1.21;
				PRODUCT_BUNDLE_IDENTIFIER = es.uab.idt.rightsapp;
				PRODUCT_NAME = "$(TARGET_NAME)";
				PROVISIONING_PROFILE_SPECIFIER = "";
				SWIFT_OBJC_BRIDGING_HEADER = "FMDB/RightsApp_ios-Bridging-Header.h";
				SWIFT_VERSION = 5.0;
				TARGETED_DEVICE_FAMILY = "1,2";
			};
			name = Release;
		};
		EB993A71229D3B7B0082DE76 /* Debug */ = {
			isa = XCBuildConfiguration;
			baseConfigurationReference = 0A1A9CABAAE2247A8DC7EC4E /* Pods-RightsAppTests.debug.xcconfig */;
			buildSettings = {
				ALWAYS_EMBED_SWIFT_STANDARD_LIBRARIES = YES;
				BUNDLE_LOADER = "$(TEST_HOST)";
				CODE_SIGN_STYLE = Automatic;
				INFOPLIST_FILE = RightsApp_iosTests/Info.plist;
				LD_RUNPATH_SEARCH_PATHS = (
					"$(inherited)",
					"@executable_path/Frameworks",
					"@loader_path/Frameworks",
				);
				PRODUCT_BUNDLE_IDENTIFIER = "cat.uab.RightsApp-iosTests";
				PRODUCT_NAME = "$(TARGET_NAME)";
				SWIFT_VERSION = 5.0;
				TARGETED_DEVICE_FAMILY = "1,2";
				TEST_HOST = "$(BUILT_PRODUCTS_DIR)/RightsApp.app/RightsApp";
			};
			name = Debug;
		};
		EB993A72229D3B7B0082DE76 /* Release */ = {
			isa = XCBuildConfiguration;
			baseConfigurationReference = ED6C64DAEF3ED7A0DBCA7251 /* Pods-RightsAppTests.release.xcconfig */;
			buildSettings = {
				ALWAYS_EMBED_SWIFT_STANDARD_LIBRARIES = YES;
				BUNDLE_LOADER = "$(TEST_HOST)";
				CODE_SIGN_STYLE = Automatic;
				INFOPLIST_FILE = RightsApp_iosTests/Info.plist;
				LD_RUNPATH_SEARCH_PATHS = (
					"$(inherited)",
					"@executable_path/Frameworks",
					"@loader_path/Frameworks",
				);
				PRODUCT_BUNDLE_IDENTIFIER = "cat.uab.RightsApp-iosTests";
				PRODUCT_NAME = "$(TARGET_NAME)";
				SWIFT_VERSION = 5.0;
				TARGETED_DEVICE_FAMILY = "1,2";
				TEST_HOST = "$(BUILT_PRODUCTS_DIR)/RightsApp.app/RightsApp";
			};
			name = Release;
		};
		EB993A74229D3B7B0082DE76 /* Debug */ = {
			isa = XCBuildConfiguration;
			baseConfigurationReference = CCF117918E7DF5BBD3C3716B /* Pods-RightsApp-RightsAppUITests.debug.xcconfig */;
			buildSettings = {
				ALWAYS_EMBED_SWIFT_STANDARD_LIBRARIES = YES;
				CODE_SIGN_STYLE = Automatic;
				INFOPLIST_FILE = RightsApp_iosUITests/Info.plist;
				LD_RUNPATH_SEARCH_PATHS = (
					"$(inherited)",
					"@executable_path/Frameworks",
					"@loader_path/Frameworks",
				);
				PRODUCT_BUNDLE_IDENTIFIER = "cat.uab.RightsApp-iosUITests";
				PRODUCT_NAME = "$(TARGET_NAME)";
				SWIFT_VERSION = 5.0;
				TARGETED_DEVICE_FAMILY = "1,2";
				TEST_TARGET_NAME = RightsApp_ios;
			};
			name = Debug;
		};
		EB993A75229D3B7B0082DE76 /* Release */ = {
			isa = XCBuildConfiguration;
			baseConfigurationReference = 34F0CDB66BCDC409BB6D3EA1 /* Pods-RightsApp-RightsAppUITests.release.xcconfig */;
			buildSettings = {
				ALWAYS_EMBED_SWIFT_STANDARD_LIBRARIES = YES;
				CODE_SIGN_STYLE = Automatic;
				INFOPLIST_FILE = RightsApp_iosUITests/Info.plist;
				LD_RUNPATH_SEARCH_PATHS = (
					"$(inherited)",
					"@executable_path/Frameworks",
					"@loader_path/Frameworks",
				);
				PRODUCT_BUNDLE_IDENTIFIER = "cat.uab.RightsApp-iosUITests";
				PRODUCT_NAME = "$(TARGET_NAME)";
				SWIFT_VERSION = 5.0;
				TARGETED_DEVICE_FAMILY = "1,2";
				TEST_TARGET_NAME = RightsApp_ios;
			};
			name = Release;
		};
/* End XCBuildConfiguration section */

/* Begin XCConfigurationList section */
		EB993A40229D3B7A0082DE76 /* Build configuration list for PBXProject "RightsApp" */ = {
			isa = XCConfigurationList;
			buildConfigurations = (
				EB993A6B229D3B7B0082DE76 /* Debug */,
				EB993A6C229D3B7B0082DE76 /* Release */,
			);
			defaultConfigurationIsVisible = 0;
			defaultConfigurationName = Release;
		};
		EB993A6D229D3B7B0082DE76 /* Build configuration list for PBXNativeTarget "RightsApp" */ = {
			isa = XCConfigurationList;
			buildConfigurations = (
				EB993A6E229D3B7B0082DE76 /* Debug */,
				EB993A6F229D3B7B0082DE76 /* Release */,
			);
			defaultConfigurationIsVisible = 0;
			defaultConfigurationName = Release;
		};
		EB993A70229D3B7B0082DE76 /* Build configuration list for PBXNativeTarget "RightsAppTests" */ = {
			isa = XCConfigurationList;
			buildConfigurations = (
				EB993A71229D3B7B0082DE76 /* Debug */,
				EB993A72229D3B7B0082DE76 /* Release */,
			);
			defaultConfigurationIsVisible = 0;
			defaultConfigurationName = Release;
		};
		EB993A73229D3B7B0082DE76 /* Build configuration list for PBXNativeTarget "RightsAppUITests" */ = {
			isa = XCConfigurationList;
			buildConfigurations = (
				EB993A74229D3B7B0082DE76 /* Debug */,
				EB993A75229D3B7B0082DE76 /* Release */,
			);
			defaultConfigurationIsVisible = 0;
			defaultConfigurationName = Release;
		};
/* End XCConfigurationList section */
	};
	rootObject = EB993A3D229D3B7A0082DE76 /* Project object */;
}
